
Microsoft Visual Studio Solution File, Format Version 12.00
# Visual Studio Version 16
VisualStudioVersion = 16.0.30711.63
MinimumVisualStudioVersion = 10.0.40219.1
Project("{FAE04EC0-301F-11D3-BF4B-00C04F79EFBC}") = "Authenticator", "Authenticator\Authenticator.csproj", "{A7A39D09-8626-4625-8D76-B4872B8EB394}"
EndProject
Global
	GlobalSection(SolutionConfigurationPlatforms) = preSolution
		Debug|Any CPU = Debug|Any CPU
		Release|Any CPU = Release|Any CPU
	EndGlobalSection
	GlobalSection(ProjectConfigurationPlatforms) = postSolution
		{A7A39D09-8626-4625-8D76-B4872B8EB394}.Debug|Any CPU.ActiveCfg = Debug|Any CPU
		{A7A39D09-8626-4625-8D76-B4872B8EB394}.Debug|Any CPU.Build.0 = Debug|Any CPU
		{A7A39D09-8626-4625-8D76-B4872B8EB394}.Release|Any CPU.ActiveCfg = Release|Any CPU
		{A7A39D09-8626-4625-8D76-B4872B8EB394}.Release|Any CPU.Build.0 = Release|Any CPU
	EndGlobalSection
	GlobalSection(SolutionProperties) = preSolution
		HideSolutionNode = FALSE
	EndGlobalSection
	GlobalSection(ExtensibilityGlobals) = postSolution
		SolutionGuid = {8DEFFE8E-4C4C-41E9-93BF-818E53B29B36}
	EndGlobalSection
EndGlobal
